
Microsoft Visual Studio Solution File, Format Version 12.00
# Visual Studio Version 17
VisualStudioVersion = 17.14.36518.9 d17.14
MinimumVisualStudioVersion = 10.0.40219.1
Project("{FAE04EC0-301F-11D3-BF4B-00C04F79EFBC}") = "LibraryManagerApp", "LibraryManagerApp\LibraryManagerApp.csproj", "{AA7EBC6A-B5F8-4B88-B837-BAFC5FE34C48}"
EndProject
Global
	GlobalSection(SolutionConfigurationPlatforms) = preSolution
		Debug|Any CPU = Debug|Any CPU
		Release|Any CPU = Release|Any CPU
	EndGlobalSection
	GlobalSection(ProjectConfigurationPlatforms) = postSolution
		{AA7EBC6A-B5F8-4B88-B837-BAFC5FE34C48}.Debug|Any CPU.ActiveCfg = Debug|Any CPU
		{AA7EBC6A-B5F8-4B88-B837-BAFC5FE34C48}.Debug|Any CPU.Build.0 = Debug|Any CPU
		{AA7EBC6A-B5F8-4B88-B837-BAFC5FE34C48}.Release|Any CPU.ActiveCfg = Release|Any CPU
		{AA7EBC6A-B5F8-4B88-B837-BAFC5FE34C48}.Release|Any CPU.Build.0 = Release|Any CPU
	EndGlobalSection
	GlobalSection(SolutionProperties) = preSolution
		HideSolutionNode = FALSE
	EndGlobalSection
	GlobalSection(ExtensibilityGlobals) = postSolution
		SolutionGuid = {BF47DEAE-DBCD-4D86-880A-DEB687CAAAE1}
	EndGlobalSection
EndGlobal
